
Microsoft Visual Studio Solution File, Format Version 12.00
# Visual Studio Version 17
VisualStudioVersion = 17.6.33815.320
MinimumVisualStudioVersion = 10.0.40219.1
Project("{FAE04EC0-301F-11D3-BF4B-00C04F79EFBC}") = "ProyectoFinal23AM__Clase", "ProyectoFinal23AM__Clase\ProyectoFinal23AM__Clase.csproj", "{63E84513-D0C0-4804-9F50-2BA0702D3288}"
EndProject
Global
	GlobalSection(SolutionConfigurationPlatforms) = preSolution
		Debug|Any CPU = Debug|Any CPU
		Release|Any CPU = Release|Any CPU
	EndGlobalSection
	GlobalSection(ProjectConfigurationPlatforms) = postSolution
		{63E84513-D0C0-4804-9F50-2BA0702D3288}.Debug|Any CPU.ActiveCfg = Debug|Any CPU
		{63E84513-D0C0-4804-9F50-2BA0702D3288}.Debug|Any CPU.Build.0 = Debug|Any CPU
		{63E84513-D0C0-4804-9F50-2BA0702D3288}.Release|Any CPU.ActiveCfg = Release|Any CPU
		{63E84513-D0C0-4804-9F50-2BA0702D3288}.Release|Any CPU.Build.0 = Release|Any CPU
	EndGlobalSection
	GlobalSection(SolutionProperties) = preSolution
		HideSolutionNode = FALSE
	EndGlobalSection
	GlobalSection(ExtensibilityGlobals) = postSolution
		SolutionGuid = {F84C36E9-AC2A-4FDA-B18F-C82DF2A2DE51}
	EndGlobalSection
EndGlobal
